Microsoft Visual Studio Solution File, Format Version 12.00
# Visual Studio 15
VisualStudioVersion = 15.0.27128.1
MinimumVisualStudioVersion = 15.0.26124.0
Project("{9A19103F-16F7-4668-BE54-9A1E7A4F7556}") = "Diffstore.DBMS", "Diffstore.DBMS\Diffstore.DBMS.Client.csproj", "{AF3792AD-724B-426C-8EDC-21837ECDBB7F}"
EndProject
Project("{9A19103F-16F7-4668-BE54-9A1E7A4F7556}") = "Tests", "Tests\Tests.csproj", "{3C2187AC-EF0A-43E8-870B-381BB20F98C9}"
EndProject
Project("{9A19103F-16F7-4668-BE54-9A1E7A4F7556}") = "Standalone", "Standalone\Standalone.csproj", "{390CEC7B-7FAE-49BB-B7E8-711180FC722C}"
EndProject
Global
	GlobalSection(SolutionConfigurationPlatforms) = preSolution
		Debug|Any CPU = Debug|Any CPU
		Debug|x64 = Debug|x64
		Debug|x86 = Debug|x86
		Release|Any CPU = Release|Any CPU
		Release|x64 = Release|x64
		Release|x86 = Release|x86
	EndGlobalSection
	GlobalSection(ProjectConfigurationPlatforms) = postSolution
		{AF3792AD-724B-426C-8EDC-21837ECDBB7F}.Debug|Any CPU.ActiveCfg = Debug|Any CPU
		{AF3792AD-724B-426C-8EDC-21837ECDBB7F}.Debug|Any CPU.Build.0 = Debug|Any CPU
		{AF3792AD-724B-426C-8EDC-21837ECDBB7F}.Debug|x64.ActiveCfg = Debug|Any CPU
		{AF3792AD-724B-426C-8EDC-21837ECDBB7F}.Debug|x64.Build.0 = Debug|Any CPU
		{AF3792AD-724B-426C-8EDC-21837ECDBB7F}.Debug|x86.ActiveCfg = Debug|Any CPU
		{AF3792AD-724B-426C-8EDC-21837ECDBB7F}.Debug|x86.Build.0 = Debug|Any CPU
		{AF3792AD-724B-426C-8EDC-21837ECDBB7F}.Release|Any CPU.ActiveCfg = Release|Any CPU
		{AF3792AD-724B-426C-8EDC-21837ECDBB7F}.Release|Any CPU.Build.0 = Release|Any CPU
		{AF3792AD-724B-426C-8EDC-21837ECDBB7F}.Release|x64.ActiveCfg = Release|Any CPU
		{AF3792AD-724B-426C-8EDC-21837ECDBB7F}.Release|x64.Build.0 = Release|Any CPU
		{AF3792AD-724B-426C-8EDC-21837ECDBB7F}.Release|x86.ActiveCfg = Release|Any CPU
		{AF3792AD-724B-426C-8EDC-21837ECDBB7F}.Release|x86.Build.0 = Release|Any CPU
		{3C2187AC-EF0A-43E8-870B-381BB20F98C9}.Debug|Any CPU.ActiveCfg = Debug|Any CPU
		{3C2187AC-EF0A-43E8-870B-381BB20F98C9}.Debug|Any CPU.Build.0 = Debug|Any CPU
		{3C2187AC-EF0A-43E8-870B-381BB20F98C9}.Debug|x64.ActiveCfg = Debug|Any CPU
		{3C2187AC-EF0A-43E8-870B-381BB20F98C9}.Debug|x64.Build.0 = Debug|Any CPU
		{3C2187AC-EF0A-43E8-870B-381BB20F98C9}.Debug|x86.ActiveCfg = Debug|Any CPU
		{3C2187AC-EF0A-43E8-870B-381BB20F98C9}.Debug|x86.Build.0 = Debug|Any CPU
		{3C2187AC-EF0A-43E8-870B-381BB20F98C9}.Release|Any CPU.ActiveCfg = Release|Any CPU
		{3C2187AC-EF0A-43E8-870B-381BB20F98C9}.Release|Any CPU.Build.0 = Release|Any CPU
		{3C2187AC-EF0A-43E8-870B-381BB20F98C9}.Release|x64.ActiveCfg = Release|Any CPU
		{3C2187AC-EF0A-43E8-870B-381BB20F98C9}.Release|x64.Build.0 = Release|Any CPU
		{3C2187AC-EF0A-43E8-870B-381BB20F98C9}.Release|x86.ActiveCfg = Release|Any CPU
		{3C2187AC-EF0A-43E8-870B-381BB20F98C9}.Release|x86.Build.0 = Release|Any CPU
		{390CEC7B-7FAE-49BB-B7E8-711180FC722C}.Debug|Any CPU.ActiveCfg = Debug|Any CPU
		{390CEC7B-7FAE-49BB-B7E8-711180FC722C}.Debug|Any CPU.Build.0 = Debug|Any CPU
		{390CEC7B-7FAE-49BB-B7E8-711180FC722C}.Debug|x64.ActiveCfg = Debug|Any CPU
		{390CEC7B-7FAE-49BB-B7E8-711180FC722C}.Debug|x64.Build.0 = Debug|Any CPU
		{390CEC7B-7FAE-49BB-B7E8-711180FC722C}.Debug|x86.ActiveCfg = Debug|Any CPU
		{390CEC7B-7FAE-49BB-B7E8-711180FC722C}.Debug|x86.Build.0 = Debug|Any CPU
		{390CEC7B-7FAE-49BB-B7E8-711180FC722C}.Release|Any CPU.ActiveCfg = Release|Any CPU
		{390CEC7B-7FAE-49BB-B7E8-711180FC722C}.Release|Any CPU.Build.0 = Release|Any CPU
		{390CEC7B-7FAE-49BB-B7E8-711180FC722C}.Release|x64.ActiveCfg = Release|Any CPU
		{390CEC7B-7FAE-49BB-B7E8-711180FC722C}.Release|x64.Build.0 = Release|Any CPU
		{390CEC7B-7FAE-49BB-B7E8-711180FC722C}.Release|x86.ActiveCfg = Release|Any CPU
		{390CEC7B-7FAE-49BB-B7E8-711180FC722C}.Release|x86.Build.0 = Release|Any CPU
	EndGlobalSection
	GlobalSection(SolutionProperties) = preSolution
		HideSolutionNode = FALSE
	EndGlobalSection
	GlobalSection(ExtensibilityGlobals) = postSolution
		SolutionGuid = {6354E3E3-37A7-46B0-BE54-5CA7B88B8472}
	EndGlobalSection
EndGlobal
